{
  "name": "qr-url-extension",
  "lockfileVersion": 3,
  "requires": true,
  "packages": {
    "": {
      "dependencies": {
        "gasparesganga-jquery-loading-overlay": "^2.1.7",
        "qrcode-generator": "^1.4.4"
      }
    },
    "node_modules/gasparesganga-jquery-loading-overlay": {
      "version": "2.1.7",
      "resolved": "https://registry.npmjs.org/gasparesganga-jquery-loading-overlay/-/gasparesganga-jquery-loading-overlay-2.1.7.tgz",
      "integrity": "sha512-QItSCC330EPsUwdvzDO50SwQksmaMSf+loDYHiEpyc1tptXkeGXtFp36igNsT1cPTXRXlYxCW8wtK63K88SIdA==",
      "dependencies": {
        "jquery": ">=1.7.0"
      }
    },
    "node_modules/jquery": {
      "version": "3.7.1",
      "resolved": "https://registry.npmjs.org/jquery/-/jquery-3.7.1.tgz",
      "integrity": "sha512-m4avr8yL8kmFN8psrbFFFmB/If14iN5o9nw/NgnnM+kybDJpRsAynV2BsfpTYrTRysYUdADVD7CkUUizgkpLfg=="
    },
    "node_modules/qrcode-generator": {
      "version": "1.4.4",
      "resolved": "https://registry.npmjs.org/qrcode-generator/-/qrcode-generator-1.4.4.tgz",
      "integrity": "sha512-HM7yY8O2ilqhmULxGMpcHSF1EhJJ9yBj8gvDEuZ6M+KGJ0YY2hKpnXvRD+hZPLrDVck3ExIGhmPtSdcjC+guuw=="
    }
  }
}
